# Run ./gradlew --write-locks to regenerate this file
asm:asm:3.3.1 (1 constraints: db056f47)
c3p0:c3p0:0.9.1.1 (1 constraints: eb0c6e1a)
cglib:cglib:2.2.2 (1 constraints: 8d0f6f86)
com.adobe.xmp:xmpcore:5.1.3 (2 constraints: cf13ce64)
com.beust:jcommander:1.35 (1 constraints: f805cf47)
com.carrotsearch:hppc:0.8.1 (2 constraints: af0fd8a6)
com.carrotsearch.randomizedtesting:randomizedtesting-runner:2.7.2 (1 constraints: 0d050c36)
com.cybozu.labs:langdetect:1.1-20120112 (1 constraints: 5c066d5e)
com.drewnoakes:metadata-extractor:2.11.0 (2 constraints: c011970f)
com.epam:parso:2.0.9 (2 constraints: 6e11a9f2)
com.fasterxml.jackson.core:jackson-annotations:2.9.8 (4 constraints: ad2e114a)
com.fasterxml.jackson.core:jackson-core:2.9.8 (6 constraints: 6c5e8440)
com.fasterxml.jackson.core:jackson-databind:2.9.8 (3 constraints: b21c2555)
com.fasterxml.jackson.dataformat:jackson-dataformat-smile:2.9.8 (1 constraints: 15051836)
com.fasterxml.jackson.dataformat:jackson-dataformat-yaml:2.9.8 (1 constraints: 15051836)
com.fasterxml.woodstox:woodstox-core:5.2.0 (1 constraints: 360a63bc)
com.github.ben-manes.caffeine:caffeine:2.4.0 (1 constraints: 08050136)
com.github.cliftonlabs:json-simple:3.0.2 (1 constraints: 82145f7d)
com.github.jai-imageio:jai-imageio-core:1.4.0 (1 constraints: 5c0ced01)
com.github.junrar:junrar:2.0.0 (1 constraints: 590ce601)
com.github.openjson:openjson:1.0.10 (1 constraints: 890c6b0e)
com.github.virtuald:curvesapi:1.04 (2 constraints: 730fc68c)
com.google.code.gson:gson:2.8.5 (1 constraints: 660c0302)
com.google.guava:guava:25.1-jre (2 constraints: 400c4e0d)
com.google.protobuf:protobuf-java:3.7.1 (3 constraints: c311263b)
com.google.re2j:re2j:1.2 (1 constraints: a7041c2c)
com.googlecode.javaewah:JavaEWAH:1.1.6 (1 constraints: 480e7e50)
com.googlecode.json-simple:json-simple:1.1.1 (1 constraints: 5a0ce501)
com.googlecode.juniversalchardet:juniversalchardet:1.0.3 (2 constraints: 601190f1)
com.googlecode.mp4parser:isoparser:1.1.22 (2 constraints: c411d90f)
com.healthmarketscience.jackcess:jackcess:2.1.12 (2 constraints: c411e10f)
com.healthmarketscience.jackcess:jackcess-encrypt:2.1.4 (2 constraints: 661111f2)
com.ibm.icu:icu4j:62.1 (1 constraints: dd040c31)
com.jayway.jsonpath:json-path:2.4.0 (1 constraints: 08050136)
com.jcraft:jsch:0.1.53 (1 constraints: 790ef15e)
com.lmax:disruptor:3.4.0 (1 constraints: 09050636)
com.pff:java-libpst:0.8.1 (2 constraints: 6a116bf2)
com.rometools:rome:1.5.1 (2 constraints: 661119f2)
com.rometools:rome-utils:1.5.1 (2 constraints: e50d2f4b)
com.sun.istack:istack-commons-runtime:3.0.5 (1 constraints: 620c0806)
com.sun.mail:gimap:1.5.1 (1 constraints: 09050036)
com.sun.mail:javax.mail:1.5.1 (1 constraints: 09050036)
com.sun.xml.fastinfoset:FastInfoset:1.2.13 (1 constraints: ec0d9743)
com.tdunning:t-digest:3.1 (1 constraints: a804212c)
commons-beanutils:commons-beanutils:1.9.3 (3 constraints: 2a296cb5)
commons-cli:commons-cli:1.2 (2 constraints: 161107d9)
commons-codec:commons-codec:1.11 (4 constraints: 2d29e02a)
commons-collections:commons-collections:3.2.2 (3 constraints: 9121ccda)
commons-fileupload:commons-fileupload:1.3.3 (1 constraints: 0905fc35)
commons-io:commons-io:2.6 (4 constraints: 2e2d61f3)
commons-lang:commons-lang:2.6 (3 constraints: df29f552)
de.l3s.boilerpipe:boilerpipe:1.1.0 (2 constraints: 5c1146f1)
de.thetaphi:forbiddenapis:2.6 (1 constraints: ac04232c)
edu.ucar:cdm:4.5.5 (3 constraints: 9d1abd7d)
edu.ucar:grib:4.5.5 (1 constraints: 650c0402)
edu.ucar:httpservices:4.5.5 (2 constraints: 8f122834)
edu.ucar:netcdf4:4.5.5 (1 constraints: 650c0402)
edu.ucar:udunits:4.5.5 (1 constraints: 2b06034e)
edu.usc.ir:sentiment-analysis-parser:0.1 (1 constraints: fa0b50e9)
io.dropwizard.metrics:metrics-core:4.0.5 (4 constraints: 48333d26)
io.dropwizard.metrics:metrics-graphite:4.0.5 (1 constraints: 0b050436)
io.dropwizard.metrics:metrics-jetty9:4.0.5 (1 constraints: 0b050436)
io.dropwizard.metrics:metrics-jmx:4.0.5 (1 constraints: 0b050436)
io.dropwizard.metrics:metrics-jvm:4.0.5 (1 constraints: 0b050436)
io.netty:netty-all:4.1.29.Final (2 constraints: 2c177041)
io.opentracing:opentracing-api:0.33.0 (4 constraints: a62f7e64)
io.opentracing:opentracing-mock:0.33.0 (1 constraints: 3805343b)
io.opentracing:opentracing-noop:0.33.0 (3 constraints: 7c2142bd)
io.opentracing:opentracing-util:0.33.0 (2 constraints: 5013be5a)
io.prometheus:simpleclient:0.2.0 (1 constraints: 0405f135)
io.prometheus:simpleclient_common:0.2.0 (1 constraints: 0405f135)
io.prometheus:simpleclient_httpserver:0.2.0 (1 constraints: 0405f135)
io.sgr:s2-geometry-library-java:1.0.0 (1 constraints: 0305f035)
javax.activation:activation:1.1.1 (2 constraints: 5e116df1)
javax.annotation:javax.annotation-api:1.3 (1 constraints: f50e785e)
javax.measure:unit-api:1.0 (5 constraints: 8e3e2cc5)
javax.servlet:javax.servlet-api:3.1.0 (3 constraints: 75209943)
javax.ws.rs:javax.ws.rs-api:2.1 (1 constraints: f40e795e)
javax.xml.bind:jaxb-api:2.3.0 (1 constraints: 5f0c0706)
joda-time:joda-time:2.2 (2 constraints: 5d0d232c)
junit:junit:4.12 (2 constraints: 3e1e6104)
net.arnx:jsonic:1.2.7 (2 constraints: db10d4d1)
net.java.dev.jna:jna:4.3.0 (1 constraints: 5e0cf901)
net.jcip:jcip-annotations:1.0 (5 constraints: 6824b237)
net.minidev:accessors-smart:1.2 (1 constraints: e60926a4)
net.minidev:json-smart:2.3 (1 constraints: a40c49ff)
net.sf.ehcache:ehcache-core:2.6.2 (1 constraints: 2706f94d)
net.sourceforge.argparse4j:argparse4j:0.8.1 (1 constraints: 0b050436)
net.sourceforge.nekohtml:nekohtml:1.9.17 (1 constraints: 4405503b)
net.thisptr:jackson-jq:0.0.8 (1 constraints: 0a05f335)
org.antlr:antlr4-runtime:4.5.1-1 (1 constraints: 6a05b240)
org.apache.calcite:calcite-core:1.18.0 (1 constraints: 3c05413b)
org.apache.calcite:calcite-linq4j:1.18.0 (1 constraints: 3c05413b)
org.apache.calcite.avatica:avatica-core:1.13.0 (1 constraints: 3705323b)
org.apache.commons:commons-collections4:4.2 (2 constraints: b90cdc15)
org.apache.commons:commons-compress:1.18 (4 constraints: 2128b5ae)
org.apache.commons:commons-csv:1.5 (1 constraints: ff0b57e9)
org.apache.commons:commons-digester3:3.2 (2 constraints: 25274d81)
org.apache.commons:commons-exec:1.3 (2 constraints: a41056b8)
org.apache.commons:commons-lang3:3.8.1 (6 constraints: e755a5e0)
org.apache.commons:commons-math3:3.6.1 (1 constraints: 0c050d36)
org.apache.commons:commons-text:1.6 (1 constraints: ab04202c)
org.apache.curator:curator-client:2.13.0 (1 constraints: 3805383b)
org.apache.curator:curator-framework:2.13.0 (1 constraints: 3805383b)
org.apache.curator:curator-recipes:2.13.0 (1 constraints: 3805383b)
org.apache.cxf:cxf-core:3.2.6 (3 constraints: 802c5bbf)
org.apache.cxf:cxf-rt-frontend-jaxrs:3.2.6 (1 constraints: 360d1e28)
org.apache.cxf:cxf-rt-rs-client:3.2.6 (1 constraints: 620cf701)
org.apache.cxf:cxf-rt-transports-http:3.2.6 (2 constraints: 8f1c2e0b)
org.apache.derby:derby:10.9.1.0 (1 constraints: 9b054946)
org.apache.hadoop:hadoop-annotations:3.2.0 (1 constraints: 07050036)
org.apache.hadoop:hadoop-auth:3.2.0 (1 constraints: 07050036)
org.apache.hadoop:hadoop-common:3.2.0 (1 constraints: 07050036)
org.apache.hadoop:hadoop-hdfs-client:3.2.0 (1 constraints: 07050036)
org.apache.htrace:htrace-core4:4.1.0-incubating (1 constraints: 58090086)
org.apache.httpcomponents:httpclient:4.5.6 (5 constraints: 2e39713a)
org.apache.httpcomponents:httpcore:4.4.10 (4 constraints: ce250e79)
org.apache.httpcomponents:httpmime:4.5.6 (3 constraints: 8e1b90af)
org.apache.james:apache-mime4j-core:0.8.2 (2 constraints: 941abf66)
org.apache.james:apache-mime4j-dom:0.8.2 (1 constraints: 610cf601)
org.apache.kerby:kerb-core:1.0.1 (3 constraints: f11c583a)
org.apache.kerby:kerb-crypto:1.0.1 (1 constraints: 860b05e6)
org.apache.kerby:kerb-util:1.0.1 (1 constraints: 0405f135)
org.apache.kerby:kerby-asn1:1.0.1 (2 constraints: 001155df)
org.apache.kerby:kerby-config:1.0.1 (1 constraints: 860b05e6)
org.apache.kerby:kerby-pkix:1.0.1 (2 constraints: 741065ca)
org.apache.kerby:kerby-util:1.0.1 (2 constraints: 6518bdb6)
org.apache.logging.log4j:log4j-1.2-api:2.11.2 (1 constraints: 3805343b)
org.apache.logging.log4j:log4j-api:2.11.2 (4 constraints: c83394ae)
org.apache.logging.log4j:log4j-core:2.11.2 (3 constraints: 102588ba)
org.apache.logging.log4j:log4j-slf4j-impl:2.11.2 (1 constraints: 3805343b)
org.apache.opennlp:opennlp-tools:1.9.1 (2 constraints: 6d11c4f2)
org.apache.pdfbox:fontbox:2.0.15 (2 constraints: 4f1040c5)
org.apache.pdfbox:jbig2-imageio:3.0.2 (2 constraints: 6211c7f1)
org.apache.pdfbox:jempbox:1.8.16 (2 constraints: d8119111)
org.apache.pdfbox:pdfbox:2.0.15 (2 constraints: c5112810)
org.apache.pdfbox:pdfbox-tools:2.0.15 (2 constraints: c5112810)
org.apache.poi:poi:4.0.0 (4 constraints: dc28d830)
org.apache.poi:poi-ooxml:4.0.0 (2 constraints: 6011a8f1)
org.apache.poi:poi-ooxml-schemas:4.0.0 (2 constraints: cd0f45a7)
org.apache.poi:poi-scratchpad:4.0.0 (2 constraints: 6011a8f1)
org.apache.rat:apache-rat:0.11 (1 constraints: d604ee30)
org.apache.rat:apache-rat-core:0.11 (2 constraints: e417c98c)
org.apache.rat:apache-rat-tasks:0.11 (1 constraints: c90af0ca)
org.apache.sis.core:sis-feature:0.8 (1 constraints: 650e0f44)
org.apache.sis.core:sis-metadata:0.8 (5 constraints: 0244e88f)
org.apache.sis.core:sis-referencing:0.8 (3 constraints: 572965e4)
org.apache.sis.core:sis-utility:0.8 (4 constraints: 1f354e60)
org.apache.sis.storage:sis-netcdf:0.8 (1 constraints: 010c57e9)
org.apache.sis.storage:sis-storage:0.8 (1 constraints: e40de732)
org.apache.tika:tika-core:1.19.1 (2 constraints: d011ed10)
org.apache.tika:tika-parsers:1.19.1 (1 constraints: 3e05453b)
org.apache.uima:uimafit-core:2.2.0 (1 constraints: 5b0cec01)
org.apache.uima:uimaj-core:2.9.0 (1 constraints: 620c0102)
org.apache.velocity:velocity-engine-core:2.1 (4 constraints: 3d40ca9b)
org.apache.velocity.tools:velocity-tools-generic:3.0 (2 constraints: a6174b33)
org.apache.velocity.tools:velocity-tools-view:3.0 (2 constraints: 2019919a)
org.apache.velocity.tools:velocity-tools-view-jsp:3.0 (1 constraints: a704202c)
org.apache.ws.xmlschema:xmlschema-core:2.2.3 (1 constraints: 370a5abc)
org.apache.xmlbeans:xmlbeans:3.0.1 (2 constraints: de126c41)
org.apache.zookeeper:zookeeper:3.5.5 (1 constraints: 0f050e36)
org.apache.zookeeper:zookeeper-jute:3.5.5 (2 constraints: 9b127823)
org.aspectj:aspectjrt:1.8.0 (1 constraints: 0b050836)
org.bitbucket.b_c:jose4j:0.6.5 (1 constraints: 0d050236)
org.bouncycastle:bcmail-jdk15on:1.60 (2 constraints: 0a113ad5)
org.bouncycastle:bcpkix-jdk15on:1.60 (2 constraints: 18127d15)
org.bouncycastle:bcprov-jdk15on:1.60 (4 constraints: 9d2bfb5a)
org.brotli:dec:0.1.2 (2 constraints: 5e1165f1)
org.carrot2:carrot2-mini:3.16.0 (1 constraints: 3c05473b)
org.carrot2:morfologik-fsa:2.1.5 (1 constraints: 0a05fd35)
org.carrot2:morfologik-polish:2.1.5 (1 constraints: 0a05fd35)
org.carrot2:morfologik-stemming:2.1.5 (1 constraints: 0a05fd35)
org.carrot2.attributes:attributes-binder:1.3.3 (2 constraints: ab0f86a6)
org.carrot2.shaded:carrot2-guava:18.0 (3 constraints: 8f202231)
org.ccil.cowan.tagsoup:tagsoup:1.2.1 (2 constraints: 601198f1)
org.codehaus.janino:commons-compiler:3.0.9 (2 constraints: d910f7d1)
org.codehaus.janino:janino:3.0.9 (1 constraints: 0e050336)
org.codehaus.woodstox:stax2-api:4.1 (3 constraints: f125f836)
org.codehaus.woodstox:woodstox-core-asl:4.4.1 (1 constraints: 0b050c36)
org.codelibs:jhighlight:1.0.3 (1 constraints: 5b0ce401)
org.eclipse.jetty:jetty-alpn-client:9.4.19.v20190610 (3 constraints: d12c8400)
org.eclipse.jetty:jetty-alpn-java-client:9.4.19.v20190610 (1 constraints: 8007517d)
org.eclipse.jetty:jetty-alpn-java-server:9.4.19.v20190610 (1 constraints: 8007517d)
org.eclipse.jetty:jetty-alpn-server:9.4.19.v20190610 (2 constraints: 231beedd)
org.eclipse.jetty:jetty-client:9.4.19.v20190610 (2 constraints: 4d1ff83f)
org.eclipse.jetty:jetty-continuation:9.4.19.v20190610 (2 constraints: 5d186efb)
org.eclipse.jetty:jetty-deploy:9.4.19.v20190610 (1 constraints: 8007517d)
org.eclipse.jetty:jetty-http:9.4.19.v20190610 (5 constraints: 8b497e4f)
org.eclipse.jetty:jetty-io:9.4.19.v20190610 (8 constraints: 0f7eb132)
org.eclipse.jetty:jetty-jmx:9.4.19.v20190610 (1 constraints: 8007517d)
org.eclipse.jetty:jetty-rewrite:9.4.19.v20190610 (1 constraints: 8007517d)
org.eclipse.jetty:jetty-security:9.4.19.v20190610 (2 constraints: ea172ade)
org.eclipse.jetty:jetty-server:9.4.19.v20190610 (5 constraints: 764cabba)
org.eclipse.jetty:jetty-servlet:9.4.19.v20190610 (2 constraints: 641789bf)
org.eclipse.jetty:jetty-servlets:9.4.19.v20190610 (1 constraints: 8007517d)
org.eclipse.jetty:jetty-util:9.4.19.v20190610 (7 constraints: 77648009)
org.eclipse.jetty:jetty-webapp:9.4.19.v20190610 (2 constraints: 72178fc0)
org.eclipse.jetty:jetty-xml:9.4.19.v20190610 (3 constraints: 56274720)
org.eclipse.jetty.alpn:alpn-api:1.1.3.v20160715 (1 constraints: 6513848a)
org.eclipse.jetty.http2:http2-client:9.4.19.v20190610 (2 constraints: 4d1ff83f)
org.eclipse.jetty.http2:http2-common:9.4.19.v20190610 (3 constraints: 242bc31f)
org.eclipse.jetty.http2:http2-hpack:9.4.19.v20190610 (2 constraints: 50198f5c)
org.eclipse.jetty.http2:http2-http-client-transport:9.4.19.v20190610 (1 constraints: 8007517d)
org.eclipse.jetty.http2:http2-server:9.4.19.v20190610 (1 constraints: 8007517d)
org.eclipse.jgit:org.eclipse.jgit:4.6.0.201612231935-r (1 constraints: 3c085c99)
org.gagravarr:vorbis-java-core:0.8 (2 constraints: ac10e6b8)
org.gagravarr:vorbis-java-tika:0.8 (2 constraints: ac10e6b8)
org.glassfish.jaxb:jaxb-core:2.3.0.1 (2 constraints: d31a8983)
org.glassfish.jaxb:jaxb-runtime:2.3.0.1 (1 constraints: bb0c341b)
org.glassfish.jaxb:txw2:2.3.0.1 (1 constraints: be0c521f)
org.hamcrest:hamcrest-core:1.3 (2 constraints: 730ad9bf)
org.hsqldb:hsqldb:2.4.0 (1 constraints: 08050136)
org.itadaki:bzip2:0.9.1 (2 constraints: bd0c4b2c)
org.jdom:jdom2:2.0.6 (2 constraints: 681134f2)
org.jsoup:jsoup:1.11.3 (2 constraints: c411dd0f)
org.jvnet.staxex:stax-ex:1.7.8 (1 constraints: c50dc135)
org.locationtech.spatial4j:spatial4j:0.7 (1 constraints: ab041e2c)
org.opengis:geoapi:3.0.1 (7 constraints: 1361d046)
org.ow2.asm:asm:6.2 (5 constraints: 772fb0b6)
org.ow2.asm:asm-analysis:6.2 (1 constraints: e309d6a5)
org.ow2.asm:asm-commons:6.2 (1 constraints: aa04272c)
org.ow2.asm:asm-tree:6.2 (2 constraints: 2d14228c)
org.quartz-scheduler:quartz:2.2.0 (1 constraints: 2106eb4d)
org.restlet.jee:org.restlet:2.3.0 (1 constraints: 0705fe35)
org.rrd4j:rrd4j:3.5 (1 constraints: ac04252c)
org.simpleframework:simple-xml:2.7.1 (3 constraints: bd20563c)
org.slf4j:jcl-over-slf4j:1.7.26 (3 constraints: 0018d6b7)
org.slf4j:jul-to-slf4j:1.7.26 (2 constraints: d5113e11)
org.slf4j:log4j-over-slf4j:1.7.26 (1 constraints: 4005473b)
org.slf4j:slf4j-api:1.7.26 (29 constraints: a8621b92)
org.tallison:jmatio:1.5 (2 constraints: a810a0b8)
org.tukaani:xz:1.8 (2 constraints: ae100fb9)
org.yaml:snakeyaml:1.23 (1 constraints: 6e17f627)
ua.net.nlp:morfologik-ukrainian-search:3.9.0 (1 constraints: 0e051536)
xerces:xercesImpl:2.9.1 (1 constraints: 0e051136)
